
Microsoft Visual Studio Solution File, Format Version 12.00
# Visual Studio Version 17
VisualStudioVersion = 17.11.35327.3
MinimumVisualStudioVersion = 10.0.40219.1
Project("{9A19103F-16F7-4668-BE54-9A1E7A4F7556}") = "IdeaBox.Web", "IdeaBox.Web\IdeaBox.Web.csproj", "{C9628126-AD3B-407C-A5B8-379489A2A24B}"
EndProject
Project("{9A19103F-16F7-4668-BE54-9A1E7A4F7556}") = "IdeaBox.Storage", "IdeaBox.Storage\IdeaBox.Storage.csproj", "{F4FC3F65-03DC-4C83-9FBB-713AD8A88276}"
EndProject
Project("{9A19103F-16F7-4668-BE54-9A1E7A4F7556}") = "IdeaBox.Validators", "IdeaBox.Validators\IdeaBox.Validators.csproj", "{1B8A3701-125A-4FFF-BF02-D266A748E47A}"
EndProject
Project("{FAE04EC0-301F-11D3-BF4B-00C04F79EFBC}") = "IdeaBox.JsonConverter", "IdeaBox.JsonConverter\IdeaBox.JsonConverter.csproj", "{7FDF7279-0D99-48FA-B456-E98A66603480}"
EndProject
Global
	GlobalSection(SolutionConfigurationPlatforms) = preSolution
		Debug|Any CPU = Debug|Any CPU
		Release|Any CPU = Release|Any CPU
	EndGlobalSection
	GlobalSection(ProjectConfigurationPlatforms) = postSolution
		{C9628126-AD3B-407C-A5B8-379489A2A24B}.Debug|Any CPU.ActiveCfg = Debug|Any CPU
		{C9628126-AD3B-407C-A5B8-379489A2A24B}.Debug|Any CPU.Build.0 = Debug|Any CPU
		{C9628126-AD3B-407C-A5B8-379489A2A24B}.Release|Any CPU.ActiveCfg = Release|Any CPU
		{C9628126-AD3B-407C-A5B8-379489A2A24B}.Release|Any CPU.Build.0 = Release|Any CPU
		{F4FC3F65-03DC-4C83-9FBB-713AD8A88276}.Debug|Any CPU.ActiveCfg = Debug|Any CPU
		{F4FC3F65-03DC-4C83-9FBB-713AD8A88276}.Debug|Any CPU.Build.0 = Debug|Any CPU
		{F4FC3F65-03DC-4C83-9FBB-713AD8A88276}.Release|Any CPU.ActiveCfg = Release|Any CPU
		{F4FC3F65-03DC-4C83-9FBB-713AD8A88276}.Release|Any CPU.Build.0 = Release|Any CPU
		{1B8A3701-125A-4FFF-BF02-D266A748E47A}.Debug|Any CPU.ActiveCfg = Debug|Any CPU
		{1B8A3701-125A-4FFF-BF02-D266A748E47A}.Debug|Any CPU.Build.0 = Debug|Any CPU
		{1B8A3701-125A-4FFF-BF02-D266A748E47A}.Release|Any CPU.ActiveCfg = Release|Any CPU
		{1B8A3701-125A-4FFF-BF02-D266A748E47A}.Release|Any CPU.Build.0 = Release|Any CPU
		{7FDF7279-0D99-48FA-B456-E98A66603480}.Debug|Any CPU.ActiveCfg = Debug|Any CPU
		{7FDF7279-0D99-48FA-B456-E98A66603480}.Debug|Any CPU.Build.0 = Debug|Any CPU
		{7FDF7279-0D99-48FA-B456-E98A66603480}.Release|Any CPU.ActiveCfg = Release|Any CPU
		{7FDF7279-0D99-48FA-B456-E98A66603480}.Release|Any CPU.Build.0 = Release|Any CPU
	EndGlobalSection
	GlobalSection(SolutionProperties) = preSolution
		HideSolutionNode = FALSE
	EndGlobalSection
	GlobalSection(ExtensibilityGlobals) = postSolution
		SolutionGuid = {A08B2A38-DD44-471E-907E-4C714B75C3F7}
	EndGlobalSection
EndGlobal
